// !$*UTF8*$!
{
	archiveVersion = 1;
	classes = {
	};
	objectVersion = 51;
	objects = {

/* Begin PBXBuildFile section */
		0249E7CF2E343F93F5F796DD /* Pods_IichDemo.framework in Frameworks */ = {isa = PBXBuildFile; fileRef = 6D3B6A7ADFD5D0C930F3EE1E /* Pods_IichDemo.framework */; };
		748204EB964FF94D2D0A8552 /* Pods_IichDemo_IichDemoUITests.framework in Frameworks */ = {isa = PBXBuildFile; fileRef = 25191570FBAC85F6EA9308DE /* Pods_IichDemo_IichDemoUITests.framework */; };
		C10A5B3725C54D3C00427D78 /* ThreadFooterView.swift in Sources */ = {isa = PBXBuildFile; fileRef = C10A5B3625C54D3C00427D78 /* ThreadFooterView.swift */; };
		C10A5B4125C5662800427D78 /* SearchBar.swift in Sources */ = {isa = PBXBuildFile; fileRef = C10A5B4025C5662800427D78 /* SearchBar.swift */; };
		C10A5B4625C56AB200427D78 /* CustomSearchController.swift in Sources */ = {isa = PBXBuildFile; fileRef = C10A5B4525C56AB200427D78 /* CustomSearchController.swift */; };
		C10A5B6425C7F59B00427D78 /* String+Extension.swift in Sources */ = {isa = PBXBuildFile; fileRef = C10A5B6325C7F59B00427D78 /* String+Extension.swift */; };
		C10A5B7025C8084200427D78 /* ThreadScreenViewController.swift in Sources */ = {isa = PBXBuildFile; fileRef = C10A5B6F25C8084200427D78 /* ThreadScreenViewController.swift */; };
		C10A5B7525C810A400427D78 /* ThreadScreenViewModel.swift in Sources */ = {isa = PBXBuildFile; fileRef = C10A5B7425C810A400427D78 /* ThreadScreenViewModel.swift */; };
		C10A5B7A25C81DB700427D78 /* ThreadMessagesModel.swift in Sources */ = {isa = PBXBuildFile; fileRef = C10A5B7925C81DB700427D78 /* ThreadMessagesModel.swift */; };
		C10A5B8225C8277900427D78 /* MessageCell.swift in Sources */ = {isa = PBXBuildFile; fileRef = C10A5B8125C8277900427D78 /* MessageCell.swift */; };
		C10A5B8825CD499400427D78 /* Date+Extension.swift in Sources */ = {isa = PBXBuildFile; fileRef = C10A5B8725CD499400427D78 /* Date+Extension.swift */; };
		C11E1D6525D168820001E8BA /* ImageCell.swift in Sources */ = {isa = PBXBuildFile; fileRef = C11E1D6425D168820001E8BA /* ImageCell.swift */; };
		C11E1D6A25D16B4E0001E8BA /* GalleryViewModel.swift in Sources */ = {isa = PBXBuildFile; fileRef = C11E1D6925D16B4E0001E8BA /* GalleryViewModel.swift */; };
		C14D4EA525BD68A400AD8DE2 /* NetworkService.swift in Sources */ = {isa = PBXBuildFile; fileRef = C14D4EA425BD68A400AD8DE2 /* NetworkService.swift */; };
		C14D4EAA25BD70EB00AD8DE2 /* Boards.swift in Sources */ = {isa = PBXBuildFile; fileRef = C14D4EA925BD70EB00AD8DE2 /* Boards.swift */; };
		C14D4EB625BDA39100AD8DE2 /* BoardInfo.swift in Sources */ = {isa = PBXBuildFile; fileRef = C14D4EB525BDA39100AD8DE2 /* BoardInfo.swift */; };
		C14D4ED725BE9F2000AD8DE2 /* ThreadListScreenViewController.swift in Sources */ = {isa = PBXBuildFile; fileRef = C14D4ED625BE9F2000AD8DE2 /* ThreadListScreenViewController.swift */; };
		C14D4EE125BEB29400AD8DE2 /* ThreadListScreenViewModel.swift in Sources */ = {isa = PBXBuildFile; fileRef = C14D4EE025BEB29400AD8DE2 /* ThreadListScreenViewModel.swift */; };
		C1564EB025BEC4DA00EAB937 /* ThreadCell.swift in Sources */ = {isa = PBXBuildFile; fileRef = C1564EAF25BEC4DA00EAB937 /* ThreadCell.swift */; };
		C1758C8A25C14AD7005FDE6F /* BoardListModel.swift in Sources */ = {isa = PBXBuildFile; fileRef = C1758C8925C14AD7005FDE6F /* BoardListModel.swift */; };
		C197832C25D148DC006A8CC3 /* GalleryViewController.swift in Sources */ = {isa = PBXBuildFile; fileRef = C197832B25D148DC006A8CC3 /* GalleryViewController.swift */; };
		C1AA8DC2E69743FA1136253E /* Pods_IichDemoTests.framework in Frameworks */ = {isa = PBXBuildFile; fileRef = 2A53C6403386A5A0CA2BFD29 /* Pods_IichDemoTests.framework */; };
		C1AD538925BD47FF005E0513 /* HomeScreenCell.swift in Sources */ = {isa = PBXBuildFile; fileRef = C1AD538825BD47FF005E0513 /* HomeScreenCell.swift */; };
		C1C0BB6025C2C50000E208FB /* ThreadCellModel.swift in Sources */ = {isa = PBXBuildFile; fileRef = C1C0BB5F25C2C50000E208FB /* ThreadCellModel.swift */; };
		C1CC5B1425BBC834000D31B7 /* AppDelegate.swift in Sources */ = {isa = PBXBuildFile; fileRef = C1CC5B1325BBC834000D31B7 /* AppDelegate.swift */; };
		C1CC5B1625BBC834000D31B7 /* SceneDelegate.swift in Sources */ = {isa = PBXBuildFile; fileRef = C1CC5B1525BBC834000D31B7 /* SceneDelegate.swift */; };
		C1CC5B1D25BBC834000D31B7 /* Assets.xcassets in Resources */ = {isa = PBXBuildFile; fileRef = C1CC5B1C25BBC834000D31B7 /* Assets.xcassets */; };
		C1CC5B2025BBC834000D31B7 /* LaunchScreen.storyboard in Resources */ = {isa = PBXBuildFile; fileRef = C1CC5B1E25BBC834000D31B7 /* LaunchScreen.storyboard */; };
		C1CC5B2B25BBC835000D31B7 /* IichDemoTests.swift in Sources */ = {isa = PBXBuildFile; fileRef = C1CC5B2A25BBC835000D31B7 /* IichDemoTests.swift */; };
		C1CC5C1025BBDB18000D31B7 /* R.generated.swift in Sources */ = {isa = PBXBuildFile; fileRef = C1CC5C0F25BBDB18000D31B7 /* R.generated.swift */; };
		C1CC5C4125BBF932000D31B7 /* Constants.swift in Sources */ = {isa = PBXBuildFile; fileRef = C1CC5C4025BBF932000D31B7 /* Constants.swift */; };
		C1CC5C4F25BBFBC2000D31B7 /* HomeScreenViewController.swift in Sources */ = {isa = PBXBuildFile; fileRef = C1CC5C4E25BBFBC2000D31B7 /* HomeScreenViewController.swift */; };
		C1CC5C5425BBFE03000D31B7 /* Colors.xcassets in Resources */ = {isa = PBXBuildFile; fileRef = C1CC5C5325BBFE03000D31B7 /* Colors.xcassets */; };
		C1CC5C6125BC0689000D31B7 /* HomeScreenViewModel.swift in Sources */ = {isa = PBXBuildFile; fileRef = C1CC5C6025BC0689000D31B7 /* HomeScreenViewModel.swift */; };
		C1CC5C6625BC078E000D31B7 /* AlertAssist.swift in Sources */ = {isa = PBXBuildFile; fileRef = C1CC5C6525BC078E000D31B7 /* AlertAssist.swift */; };
		C1CC5C8725BC3F1B000D31B7 /* Desks.xcdatamodeld in Sources */ = {isa = PBXBuildFile; fileRef = C1CC5C8525BC3F1B000D31B7 /* Desks.xcdatamodeld */; };
		C1FFCEBD25D416A000EE80C7 /* BetterSappingLayout.swift in Sources */ = {isa = PBXBuildFile; fileRef = C1FFCEBC25D416A000EE80C7 /* BetterSappingLayout.swift */; };
/* End PBXBuildFile section */

/* Begin PBXContainerItemProxy section */
		C1CC5B2725BBC835000D31B7 /* PBXContainerItemProxy */ = {
			isa = PBXContainerItemProxy;
			containerPortal = C1CC5B0825BBC834000D31B7 /* Project object */;
			proxyType = 1;
			remoteGlobalIDString = C1CC5B0F25BBC834000D31B7;
			remoteInfo = IichDemo;
		};
		C1CC5B3225BBC835000D31B7 /* PBXContainerItemProxy */ = {
			isa = PBXContainerItemProxy;
			containerPortal = C1CC5B0825BBC834000D31B7 /* Project object */;
			proxyType = 1;
			remoteGlobalIDString = C1CC5B0F25BBC834000D31B7;
			remoteInfo = IichDemo;
		};
/* End PBXContainerItemProxy section */

/* Begin PBXFileReference section */
		070B214A2D645EDDB7689B79 /* Pods-IichDemoTests.debug.xcconfig */ = {isa = PBXFileReference; includeInIndex = 1; lastKnownFileType = text.xcconfig; name = "Pods-IichDemoTests.debug.xcconfig"; path = "Target Support Files/Pods-IichDemoTests/Pods-IichDemoTests.debug.xcconfig"; sourceTree = "<group>"; };
		25191570FBAC85F6EA9308DE /* Pods_IichDemo_IichDemoUITests.framework */ = {isa = PBXFileReference; explicitFileType = wrapper.framework; includeInIndex = 0; path = Pods_IichDemo_IichDemoUITests.framework; sourceTree = BUILT_PRODUCTS_DIR; };
		2A53C6403386A5A0CA2BFD29 /* Pods_IichDemoTests.framework */ = {isa = PBXFileReference; explicitFileType = wrapper.framework; includeInIndex = 0; path = Pods_IichDemoTests.framework; sourceTree = BUILT_PRODUCTS_DIR; };
		3EB7D47B218FA44C66EAD19A /* Pods-IichDemo.debug.xcconfig */ = {isa = PBXFileReference; includeInIndex = 1; lastKnownFileType = text.xcconfig; name = "Pods-IichDemo.debug.xcconfig"; path = "Target Support Files/Pods-IichDemo/Pods-IichDemo.debug.xcconfig"; sourceTree = "<group>"; };
		5941CBEC18305AFEF2F37D57 /* Pods-IichDemo-IichDemoUITests.release.xcconfig */ = {isa = PBXFileReference; includeInIndex = 1; lastKnownFileType = text.xcconfig; name = "Pods-IichDemo-IichDemoUITests.release.xcconfig"; path = "Target Support Files/Pods-IichDemo-IichDemoUITests/Pods-IichDemo-IichDemoUITests.release.xcconfig"; sourceTree = "<group>"; };
		6D3B6A7ADFD5D0C930F3EE1E /* Pods_IichDemo.framework */ = {isa = PBXFileReference; explicitFileType = wrapper.framework; includeInIndex = 0; path = Pods_IichDemo.framework; sourceTree = BUILT_PRODUCTS_DIR; };
		8BAAFDBA0D54416CF78F114F /* Pods-IichDemo.release.xcconfig */ = {isa = PBXFileReference; includeInIndex = 1; lastKnownFileType = text.xcconfig; name = "Pods-IichDemo.release.xcconfig"; path = "Target Support Files/Pods-IichDemo/Pods-IichDemo.release.xcconfig"; sourceTree = "<group>"; };
		B2D97FDA3EDD583FFD8E00C2 /* Pods-IichDemo-IichDemoUITests.debug.xcconfig */ = {isa = PBXFileReference; includeInIndex = 1; lastKnownFileType = text.xcconfig; name = "Pods-IichDemo-IichDemoUITests.debug.xcconfig"; path = "Target Support Files/Pods-IichDemo-IichDemoUITests/Pods-IichDemo-IichDemoUITests.debug.xcconfig"; sourceTree = "<group>"; };
		C10A5B3625C54D3C00427D78 /* ThreadFooterView.swift */ = {isa = PBXFileReference; lastKnownFileType = sourcecode.swift; path = ThreadFooterView.swift; sourceTree = "<group>"; };
		C10A5B4025C5662800427D78 /* SearchBar.swift */ = {isa = PBXFileReference; lastKnownFileType = sourcecode.swift; path = SearchBar.swift; sourceTree = "<group>"; };
		C10A5B4525C56AB200427D78 /* CustomSearchController.swift */ = {isa = PBXFileReference; lastKnownFileType = sourcecode.swift; path = CustomSearchController.swift; sourceTree = "<group>"; };
		C10A5B6325C7F59B00427D78 /* String+Extension.swift */ = {isa = PBXFileReference; lastKnownFileType = sourcecode.swift; path = "String+Extension.swift"; sourceTree = "<group>"; };
		C10A5B6F25C8084200427D78 /* ThreadScreenViewController.swift */ = {isa = PBXFileReference; lastKnownFileType = sourcecode.swift; path = ThreadScreenViewController.swift; sourceTree = "<group>"; };
		C10A5B7425C810A400427D78 /* ThreadScreenViewModel.swift */ = {isa = PBXFileReference; lastKnownFileType = sourcecode.swift; path = ThreadScreenViewModel.swift; sourceTree = "<group>"; };
		C10A5B7925C81DB700427D78 /* ThreadMessagesModel.swift */ = {isa = PBXFileReference; lastKnownFileType = sourcecode.swift; path = ThreadMessagesModel.swift; sourceTree = "<group>"; };
		C10A5B8125C8277900427D78 /* MessageCell.swift */ = {isa = PBXFileReference; lastKnownFileType = sourcecode.swift; path = MessageCell.swift; sourceTree = "<group>"; };
		C10A5B8725CD499400427D78 /* Date+Extension.swift */ = {isa = PBXFileReference; lastKnownFileType = sourcecode.swift; path = "Date+Extension.swift"; sourceTree = "<group>"; };
		C11E1D6425D168820001E8BA /* ImageCell.swift */ = {isa = PBXFileReference; lastKnownFileType = sourcecode.swift; path = ImageCell.swift; sourceTree = "<group>"; };
		C11E1D6925D16B4E0001E8BA /* GalleryViewModel.swift */ = {isa = PBXFileReference; lastKnownFileType = sourcecode.swift; path = GalleryViewModel.swift; sourceTree = "<group>"; };
		C14D4EA425BD68A400AD8DE2 /* NetworkService.swift */ = {isa = PBXFileReference; lastKnownFileType = sourcecode.swift; path = NetworkService.swift; sourceTree = "<group>"; };
		C14D4EA925BD70EB00AD8DE2 /* Boards.swift */ = {isa = PBXFileReference; lastKnownFileType = sourcecode.swift; path = Boards.swift; sourceTree = "<group>"; };
		C14D4EB525BDA39100AD8DE2 /* BoardInfo.swift */ = {isa = PBXFileReference; lastKnownFileType = sourcecode.swift; path = BoardInfo.swift; sourceTree = "<group>"; };
		C14D4ED625BE9F2000AD8DE2 /* ThreadListScreenViewController.swift */ = {isa = PBXFileReference; lastKnownFileType = sourcecode.swift; path = ThreadListScreenViewController.swift; sourceTree = "<group>"; };
		C14D4EE025BEB29400AD8DE2 /* ThreadListScreenViewModel.swift */ = {isa = PBXFileReference; lastKnownFileType = sourcecode.swift; path = ThreadListScreenViewModel.swift; sourceTree = "<group>"; };
		C1564EAF25BEC4DA00EAB937 /* ThreadCell.swift */ = {isa = PBXFileReference; lastKnownFileType = sourcecode.swift; path = ThreadCell.swift; sourceTree = "<group>"; };
		C1758C8925C14AD7005FDE6F /* BoardListModel.swift */ = {isa = PBXFileReference; lastKnownFileType = sourcecode.swift; path = BoardListModel.swift; sourceTree = "<group>"; };
		C197832B25D148DC006A8CC3 /* GalleryViewController.swift */ = {isa = PBXFileReference; lastKnownFileType = sourcecode.swift; path = GalleryViewController.swift; sourceTree = "<group>"; };
		C1AD538825BD47FF005E0513 /* HomeScreenCell.swift */ = {isa = PBXFileReference; lastKnownFileType = sourcecode.swift; path = HomeScreenCell.swift; sourceTree = "<group>"; };
		C1C0BB5F25C2C50000E208FB /* ThreadCellModel.swift */ = {isa = PBXFileReference; lastKnownFileType = sourcecode.swift; path = ThreadCellModel.swift; sourceTree = "<group>"; };
		C1CC5B1025BBC834000D31B7 /* IichDemo.app */ = {isa = PBXFileReference; explicitFileType = wrapper.application; includeInIndex = 0; path = IichDemo.app; sourceTree = BUILT_PRODUCTS_DIR; };
		C1CC5B1325BBC834000D31B7 /* AppDelegate.swift */ = {isa = PBXFileReference; lastKnownFileType = sourcecode.swift; path = AppDelegate.swift; sourceTree = "<group>"; };
		C1CC5B1525BBC834000D31B7 /* SceneDelegate.swift */ = {isa = PBXFileReference; lastKnownFileType = sourcecode.swift; path = SceneDelegate.swift; sourceTree = "<group>"; };
		C1CC5B1C25BBC834000D31B7 /* Assets.xcassets */ = {isa = PBXFileReference; lastKnownFileType = folder.assetcatalog; path = Assets.xcassets; sourceTree = "<group>"; };
		C1CC5B1F25BBC834000D31B7 /* Base */ = {isa = PBXFileReference; lastKnownFileType = file.storyboard; name = Base; path = Base.lproj/LaunchScreen.storyboard; sourceTree = "<group>"; };
		C1CC5B2125BBC834000D31B7 /* Info.plist */ = {isa = PBXFileReference; lastKnownFileType = text.plist.xml; path = Info.plist; sourceTree = "<group>"; };
		C1CC5B2625BBC835000D31B7 /* IichDemoTests.xctest */ = {isa = PBXFileReference; explicitFileType = wrapper.cfbundle; includeInIndex = 0; path = IichDemoTests.xctest; sourceTree = BUILT_PRODUCTS_DIR; };
		C1CC5B2A25BBC835000D31B7 /* IichDemoTests.swift */ = {isa = PBXFileReference; lastKnownFileType = sourcecode.swift; path = IichDemoTests.swift; sourceTree = "<group>"; };
		C1CC5B2C25BBC835000D31B7 /* Info.plist */ = {isa = PBXFileReference; lastKnownFileType = text.plist.xml; path = Info.plist; sourceTree = "<group>"; };
		C1CC5B3125BBC835000D31B7 /* IichDemoUITests.xctest */ = {isa = PBXFileReference; explicitFileType = wrapper.cfbundle; includeInIndex = 0; path = IichDemoUITests.xctest; sourceTree = BUILT_PRODUCTS_DIR; };
		C1CC5C0F25BBDB18000D31B7 /* R.generated.swift */ = {isa = PBXFileReference; fileEncoding = 4; lastKnownFileType = sourcecode.swift; path = R.generated.swift; sourceTree = SOURCE_ROOT; };
		C1CC5C4025BBF932000D31B7 /* Constants.swift */ = {isa = PBXFileReference; lastKnownFileType = sourcecode.swift; path = Constants.swift; sourceTree = "<group>"; };
		C1CC5C4E25BBFBC2000D31B7 /* HomeScreenViewController.swift */ = {isa = PBXFileReference; lastKnownFileType = sourcecode.swift; path = HomeScreenViewController.swift; sourceTree = "<group>"; };
		C1CC5C5325BBFE03000D31B7 /* Colors.xcassets */ = {isa = PBXFileReference; lastKnownFileType = folder.assetcatalog; path = Colors.xcassets; sourceTree = "<group>"; };
		C1CC5C6025BC0689000D31B7 /* HomeScreenViewModel.swift */ = {isa = PBXFileReference; lastKnownFileType = sourcecode.swift; path = HomeScreenViewModel.swift; sourceTree = "<group>"; };
		C1CC5C6525BC078E000D31B7 /* AlertAssist.swift */ = {isa = PBXFileReference; lastKnownFileType = sourcecode.swift; path = AlertAssist.swift; sourceTree = "<group>"; };
		C1CC5C8625BC3F1B000D31B7 /* Desks.xcdatamodel */ = {isa = PBXFileReference; lastKnownFileType = wrapper.xcdatamodel; path = Desks.xcdatamodel; sourceTree = "<group>"; };
		C1FFCEBC25D416A000EE80C7 /* BetterSappingLayout.swift */ = {isa = PBXFileReference; fileEncoding = 4; lastKnownFileType = sourcecode.swift; path = BetterSappingLayout.swift; sourceTree = "<group>"; };
		F1523F57C046DF40740D4E05 /* Pods-IichDemoTests.release.xcconfig */ = {isa = PBXFileReference; includeInIndex = 1; lastKnownFileType = text.xcconfig; name = "Pods-IichDemoTests.release.xcconfig"; path = "Target Support Files/Pods-IichDemoTests/Pods-IichDemoTests.release.xcconfig"; sourceTree = "<group>"; };
/* End PBXFileReference section */

/* Begin PBXFrameworksBuildPhase section */
		C1CC5B0D25BBC834000D31B7 /* Frameworks */ = {
			isa = PBXFrameworksBuildPhase;
			buildActionMask = 2147483647;
			files = (
				0249E7CF2E343F93F5F796DD /* Pods_IichDemo.framework in Frameworks */,
			);
			runOnlyForDeploymentPostprocessing = 0;
		};
		C1CC5B2325BBC835000D31B7 /* Frameworks */ = {
			isa = PBXFrameworksBuildPhase;
			buildActionMask = 2147483647;
			files = (
				C1AA8DC2E69743FA1136253E /* Pods_IichDemoTests.framework in Frameworks */,
			);
			runOnlyForDeploymentPostprocessing = 0;
		};
		C1CC5B2E25BBC835000D31B7 /* Frameworks */ = {
			isa = PBXFrameworksBuildPhase;
			buildActionMask = 2147483647;
			files = (
				748204EB964FF94D2D0A8552 /* Pods_IichDemo_IichDemoUITests.framework in Frameworks */,
			);
			runOnlyForDeploymentPostprocessing = 0;
		};
/* End PBXFrameworksBuildPhase section */

/* Begin PBXGroup section */
		A7E68666A08ECC9C105F6659 /* Frameworks */ = {
			isa = PBXGroup;
			children = (
				6D3B6A7ADFD5D0C930F3EE1E /* Pods_IichDemo.framework */,
				25191570FBAC85F6EA9308DE /* Pods_IichDemo_IichDemoUITests.framework */,
				2A53C6403386A5A0CA2BFD29 /* Pods_IichDemoTests.framework */,
			);
			name = Frameworks;
			sourceTree = "<group>";
		};
		C10A5B6225C7F58C00427D78 /* Extensions */ = {
			isa = PBXGroup;
			children = (
				C10A5B6325C7F59B00427D78 /* String+Extension.swift */,
				C10A5B8725CD499400427D78 /* Date+Extension.swift */,
			);
			path = Extensions;
			sourceTree = "<group>";
		};
		C10A5B6E25C8082700427D78 /*  ThreadScreen */ = {
			isa = PBXGroup;
			children = (
				C10A5B6F25C8084200427D78 /* ThreadScreenViewController.swift */,
				C10A5B7425C810A400427D78 /* ThreadScreenViewModel.swift */,
				C10A5B8125C8277900427D78 /* MessageCell.swift */,
			);
			path = " ThreadScreen";
			sourceTree = "<group>";
		};
		C14D4EA325BD689200AD8DE2 /* Services */ = {
			isa = PBXGroup;
			children = (
				C14D4EA425BD68A400AD8DE2 /* NetworkService.swift */,
			);
			path = Services;
			sourceTree = "<group>";
		};
		C14D4EB425BDA36400AD8DE2 /* Models */ = {
			isa = PBXGroup;
			children = (
				C14D4EA925BD70EB00AD8DE2 /* Boards.swift */,
				C14D4EB525BDA39100AD8DE2 /* BoardInfo.swift */,
				C1758C8925C14AD7005FDE6F /* BoardListModel.swift */,
				C10A5B7925C81DB700427D78 /* ThreadMessagesModel.swift */,
				C1C0BB5F25C2C50000E208FB /* ThreadCellModel.swift */,
			);
			path = Models;
			sourceTree = "<group>";
		};
		C14D4ED225BE9E7A00AD8DE2 /* ThreadListScreen */ = {
			isa = PBXGroup;
			children = (
				C14D4ED625BE9F2000AD8DE2 /* ThreadListScreenViewController.swift */,
				C14D4EE025BEB29400AD8DE2 /* ThreadListScreenViewModel.swift */,
				C1564EAF25BEC4DA00EAB937 /* ThreadCell.swift */,
				C10A5B3625C54D3C00427D78 /* ThreadFooterView.swift */,
			);
			path = ThreadListScreen;
			sourceTree = "<group>";
		};
		C197832A25D148C3006A8CC3 /* GalleryScreen */ = {
			isa = PBXGroup;
			children = (
				C197832B25D148DC006A8CC3 /* GalleryViewController.swift */,
				C11E1D6425D168820001E8BA /* ImageCell.swift */,
				C11E1D6925D16B4E0001E8BA /* GalleryViewModel.swift */,
			);
			path = GalleryScreen;
			sourceTree = "<group>";
		};
		C1CC5B0725BBC834000D31B7 = {
			isa = PBXGroup;
			children = (
				C1CC5B1225BBC834000D31B7 /* IichDemo */,
				C1CC5B2925BBC835000D31B7 /* IichDemoTests */,
				C1CC5B1125BBC834000D31B7 /* Products */,
				E8C5EF00BBCAB6CDB0987426 /* Pods */,
				A7E68666A08ECC9C105F6659 /* Frameworks */,
			);
			sourceTree = "<group>";
		};
		C1CC5B1125BBC834000D31B7 /* Products */ = {
			isa = PBXGroup;
			children = (
				C1CC5B1025BBC834000D31B7 /* IichDemo.app */,
				C1CC5B2625BBC835000D31B7 /* IichDemoTests.xctest */,
				C1CC5B3125BBC835000D31B7 /* IichDemoUITests.xctest */,
			);
			name = Products;
			sourceTree = "<group>";
		};
		C1CC5B1225BBC834000D31B7 /* IichDemo */ = {
			isa = PBXGroup;
			children = (
				C1CC5C3F25BBF92A000D31B7 /* Helpers */,
				C10A5B6225C7F58C00427D78 /* Extensions */,
				C14D4EB425BDA36400AD8DE2 /* Models */,
				C14D4EA325BD689200AD8DE2 /* Services */,
				C1CC5BEF25BBD85E000D31B7 /* HomeScreen */,
				C14D4ED225BE9E7A00AD8DE2 /* ThreadListScreen */,
				C10A5B6E25C8082700427D78 /*  ThreadScreen */,
				C197832A25D148C3006A8CC3 /* GalleryScreen */,
				C1CC5BEB25BBD81F000D31B7 /* Resources */,
				C1CC5BE725BBD6E7000D31B7 /* Commons */,
			);
			path = IichDemo;
			sourceTree = "<group>";
		};
		C1CC5B2925BBC835000D31B7 /* IichDemoTests */ = {
			isa = PBXGroup;
			children = (
				C1CC5B2A25BBC835000D31B7 /* IichDemoTests.swift */,
				C1CC5B2C25BBC835000D31B7 /* Info.plist */,
			);
			path = IichDemoTests;
			sourceTree = "<group>";
		};
		C1CC5BE725BBD6E7000D31B7 /* Commons */ = {
			isa = PBXGroup;
			children = (
				C1CC5C0F25BBDB18000D31B7 /* R.generated.swift */,
				C1CC5B2125BBC834000D31B7 /* Info.plist */,
				C1CC5B1525BBC834000D31B7 /* SceneDelegate.swift */,
				C1CC5B1325BBC834000D31B7 /* AppDelegate.swift */,
				C1CC5B1E25BBC834000D31B7 /* LaunchScreen.storyboard */,
			);
			path = Commons;
			sourceTree = "<group>";
		};
		C1CC5BEB25BBD81F000D31B7 /* Resources */ = {
			isa = PBXGroup;
			children = (
				C1CC5C8525BC3F1B000D31B7 /* Desks.xcdatamodeld */,
				C1CC5B1C25BBC834000D31B7 /* Assets.xcassets */,
				C1CC5C5325BBFE03000D31B7 /* Colors.xcassets */,
			);
			path = Resources;
			sourceTree = "<group>";
		};
		C1CC5BEF25BBD85E000D31B7 /* HomeScreen */ = {
			isa = PBXGroup;
			children = (
				C1CC5C4E25BBFBC2000D31B7 /* HomeScreenViewController.swift */,
				C1CC5C6025BC0689000D31B7 /* HomeScreenViewModel.swift */,
				C1AD538825BD47FF005E0513 /* HomeScreenCell.swift */,
			);
			path = HomeScreen;
			sourceTree = "<group>";
		};
		C1CC5C3F25BBF92A000D31B7 /* Helpers */ = {
			isa = PBXGroup;
			children = (
				C1CC5C4025BBF932000D31B7 /* Constants.swift */,
				C1CC5C6525BC078E000D31B7 /* AlertAssist.swift */,
				C10A5B4025C5662800427D78 /* SearchBar.swift */,
				C10A5B4525C56AB200427D78 /* CustomSearchController.swift */,
				C1FFCEBC25D416A000EE80C7 /* BetterSappingLayout.swift */,
			);
			path = Helpers;
			sourceTree = "<group>";
		};
		E8C5EF00BBCAB6CDB0987426 /* Pods */ = {
			isa = PBXGroup;
			children = (
				3EB7D47B218FA44C66EAD19A /* Pods-IichDemo.debug.xcconfig */,
				8BAAFDBA0D54416CF78F114F /* Pods-IichDemo.release.xcconfig */,
				B2D97FDA3EDD583FFD8E00C2 /* Pods-IichDemo-IichDemoUITests.debug.xcconfig */,
				5941CBEC18305AFEF2F37D57 /* Pods-IichDemo-IichDemoUITests.release.xcconfig */,
				070B214A2D645EDDB7689B79 /* Pods-IichDemoTests.debug.xcconfig */,
				F1523F57C046DF40740D4E05 /* Pods-IichDemoTests.release.xcconfig */,
			);
			path = Pods;
			sourceTree = "<group>";
		};
/* End PBXGroup section */

/* Begin PBXNativeTarget section */
		C1CC5B0F25BBC834000D31B7 /* IichDemo */ = {
			isa = PBXNativeTarget;
			buildConfigurationList = C1CC5B3A25BBC835000D31B7 /* Build configuration list for PBXNativeTarget "IichDemo" */;
			buildPhases = (
				03AD7BAB7865F01C76E70063 /* [CP] Check Pods Manifest.lock */,
				C1CC5B7725BBCF6C000D31B7 /* Swift Format */,
				C1CC5B6A25BBCE79000D31B7 /* Swift Lint */,
				C1CC5C0325BBD9EC000D31B7 /* R.Swift */,
				C1CC5B0C25BBC834000D31B7 /* Sources */,
				C1CC5B0D25BBC834000D31B7 /* Frameworks */,
				C1CC5B0E25BBC834000D31B7 /* Resources */,
				C7329ABEC7B919457444B30B /* [CP] Embed Pods Frameworks */,
			);
			buildRules = (
			);
			dependencies = (
			);
			name = IichDemo;
			productName = IichDemo;
			productReference = C1CC5B1025BBC834000D31B7 /* IichDemo.app */;
			productType = "com.apple.product-type.application";
		};
		C1CC5B2525BBC835000D31B7 /* IichDemoTests */ = {
			isa = PBXNativeTarget;
			buildConfigurationList = C1CC5B3D25BBC835000D31B7 /* Build configuration list for PBXNativeTarget "IichDemoTests" */;
			buildPhases = (
				166133677D28AFF187B2BEC8 /* [CP] Check Pods Manifest.lock */,
				C1CC5B2225BBC835000D31B7 /* Sources */,
				C1CC5B2325BBC835000D31B7 /* Frameworks */,
				C1CC5B2425BBC835000D31B7 /* Resources */,
			);
			buildRules = (
			);
			dependencies = (
				C1CC5B2825BBC835000D31B7 /* PBXTargetDependency */,
			);
			name = IichDemoTests;
			productName = IichDemoTests;
			productReference = C1CC5B2625BBC835000D31B7 /* IichDemoTests.xctest */;
			productType = "com.apple.product-type.bundle.unit-test";
		};
		C1CC5B3025BBC835000D31B7 /* IichDemoUITests */ = {
			isa = PBXNativeTarget;
			buildConfigurationList = C1CC5B4025BBC835000D31B7 /* Build configuration list for PBXNativeTarget "IichDemoUITests" */;
			buildPhases = (
				0DE91ED111E3A4D53C17A463 /* [CP] Check Pods Manifest.lock */,
				C1CC5B2D25BBC835000D31B7 /* Sources */,
				C1CC5B2E25BBC835000D31B7 /* Frameworks */,
				C1CC5B2F25BBC835000D31B7 /* Resources */,
				09A0C253845568E3BE2750DD /* [CP] Embed Pods Frameworks */,
			);
			buildRules = (
			);
			dependencies = (
				C1CC5B3325BBC835000D31B7 /* PBXTargetDependency */,
			);
			name = IichDemoUITests;
			productName = IichDemoUITests;
			productReference = C1CC5B3125BBC835000D31B7 /* IichDemoUITests.xctest */;
			productType = "com.apple.product-type.bundle.ui-testing";
		};
/* End PBXNativeTarget section */

/* Begin PBXProject section */
		C1CC5B0825BBC834000D31B7 /* Project object */ = {
			isa = PBXProject;
			attributes = {
				LastSwiftUpdateCheck = 1210;
				LastUpgradeCheck = 1210;
				TargetAttributes = {
					C1CC5B0F25BBC834000D31B7 = {
						CreatedOnToolsVersion = 12.1;
					};
					C1CC5B2525BBC835000D31B7 = {
						CreatedOnToolsVersion = 12.1;
						TestTargetID = C1CC5B0F25BBC834000D31B7;
					};
					C1CC5B3025BBC835000D31B7 = {
						CreatedOnToolsVersion = 12.1;
						TestTargetID = C1CC5B0F25BBC834000D31B7;
					};
				};
			};
			buildConfigurationList = C1CC5B0B25BBC834000D31B7 /* Build configuration list for PBXProject "IichDemo" */;
			compatibilityVersion = "Xcode 9.3";
			developmentRegion = en;
			hasScannedForEncodings = 0;
			knownRegions = (
				en,
				Base,
			);
			mainGroup = C1CC5B0725BBC834000D31B7;
			productRefGroup = C1CC5B1125BBC834000D31B7 /* Products */;
			projectDirPath = "";
			projectRoot = "";
			targets = (
				C1CC5B0F25BBC834000D31B7 /* IichDemo */,
				C1CC5B2525BBC835000D31B7 /* IichDemoTests */,
				C1CC5B3025BBC835000D31B7 /* IichDemoUITests */,
			);
		};
/* End PBXProject section */

/* Begin PBXResourcesBuildPhase section */
		C1CC5B0E25BBC834000D31B7 /* Resources */ = {
			isa = PBXResourcesBuildPhase;
			buildActionMask = 2147483647;
			files = (
				C1CC5C5425BBFE03000D31B7 /* Colors.xcassets in Resources */,
				C1CC5B2025BBC834000D31B7 /* LaunchScreen.storyboard in Resources */,
				C1CC5B1D25BBC834000D31B7 /* Assets.xcassets in Resources */,
			);
			runOnlyForDeploymentPostprocessing = 0;
		};
		C1CC5B2425BBC835000D31B7 /* Resources */ = {
			isa = PBXResourcesBuildPhase;
			buildActionMask = 2147483647;
			files = (
			);
			runOnlyForDeploymentPostprocessing = 0;
		};
		C1CC5B2F25BBC835000D31B7 /* Resources */ = {
			isa = PBXResourcesBuildPhase;
			buildActionMask = 2147483647;
			files = (
			);
			runOnlyForDeploymentPostprocessing = 0;
		};
/* End PBXResourcesBuildPhase section */

/* Begin PBXShellScriptBuildPhase section */
		03AD7BAB7865F01C76E70063 /* [CP] Check Pods Manifest.lock */ = {
			isa = PBXShellScriptBuildPhase;
			buildActionMask = 2147483647;
			files = (
			);
			inputFileListPaths = (
			);
			inputPaths = (
				"${PODS_PODFILE_DIR_PATH}/Podfile.lock",
				"${PODS_ROOT}/Manifest.lock",
			);
			name = "[CP] Check Pods Manifest.lock";
			outputFileListPaths = (
			);
			outputPaths = (
				"$(DERIVED_FILE_DIR)/Pods-IichDemo-checkManifestLockResult.txt",
			);
			runOnlyForDeploymentPostprocessing = 0;
			shellPath = /bin/sh;
			shellScript = "diff \"${PODS_PODFILE_DIR_PATH}/Podfile.lock\" \"${PODS_ROOT}/Manifest.lock\" > /dev/null\nif [ $? != 0 ] ; then\n    # print error to STDERR\n    echo \"error: The sandbox is not in sync with the Podfile.lock. Run 'pod install' or update your CocoaPods installation.\" >&2\n    exit 1\nfi\n# This output is used by Xcode 'outputs' to avoid re-running this script phase.\necho \"SUCCESS\" > \"${SCRIPT_OUTPUT_FILE_0}\"\n";
			showEnvVarsInLog = 0;
		};
		09A0C253845568E3BE2750DD /* [CP] Embed Pods Frameworks */ = {
			isa = PBXShellScriptBuildPhase;
			buildActionMask = 2147483647;
			files = (
			);
			inputFileListPaths = (
				"${PODS_ROOT}/Target Support Files/Pods-IichDemo-IichDemoUITests/Pods-IichDemo-IichDemoUITests-frameworks-${CONFIGURATION}-input-files.xcfilelist",
			);
			name = "[CP] Embed Pods Frameworks";
			outputFileListPaths = (
				"${PODS_ROOT}/Target Support Files/Pods-IichDemo-IichDemoUITests/Pods-IichDemo-IichDemoUITests-frameworks-${CONFIGURATION}-output-files.xcfilelist",
			);
			runOnlyForDeploymentPostprocessing = 0;
			shellPath = /bin/sh;
			shellScript = "\"${PODS_ROOT}/Target Support Files/Pods-IichDemo-IichDemoUITests/Pods-IichDemo-IichDemoUITests-frameworks.sh\"\n";
			showEnvVarsInLog = 0;
		};
		0DE91ED111E3A4D53C17A463 /* [CP] Check Pods Manifest.lock */ = {
			isa = PBXShellScriptBuildPhase;
			buildActionMask = 2147483647;
			files = (
			);
			inputFileListPaths = (
			);
			inputPaths = (
				"${PODS_PODFILE_DIR_PATH}/Podfile.lock",
				"${PODS_ROOT}/Manifest.lock",
			);
			name = "[CP] Check Pods Manifest.lock";
			outputFileListPaths = (
			);
			outputPaths = (
				"$(DERIVED_FILE_DIR)/Pods-IichDemo-IichDemoUITests-checkManifestLockResult.txt",
			);
			runOnlyForDeploymentPostprocessing = 0;
			shellPath = /bin/sh;
			shellScript = "diff \"${PODS_PODFILE_DIR_PATH}/Podfile.lock\" \"${PODS_ROOT}/Manifest.lock\" > /dev/null\nif [ $? != 0 ] ; then\n    # print error to STDERR\n    echo \"error: The sandbox is not in sync with the Podfile.lock. Run 'pod install' or update your CocoaPods installation.\" >&2\n    exit 1\nfi\n# This output is used by Xcode 'outputs' to avoid re-running this script phase.\necho \"SUCCESS\" > \"${SCRIPT_OUTPUT_FILE_0}\"\n";
			showEnvVarsInLog = 0;
		};
		166133677D28AFF187B2BEC8 /* [CP] Check Pods Manifest.lock */ = {
			isa = PBXShellScriptBuildPhase;
			buildActionMask = 2147483647;
			files = (
			);
			inputFileListPaths = (
			);
			inputPaths = (
				"${PODS_PODFILE_DIR_PATH}/Podfile.lock",
				"${PODS_ROOT}/Manifest.lock",
			);
			name = "[CP] Check Pods Manifest.lock";
			outputFileListPaths = (
			);
			outputPaths = (
				"$(DERIVED_FILE_DIR)/Pods-IichDemoTests-checkManifestLockResult.txt",
			);
			runOnlyForDeploymentPostprocessing = 0;
			shellPath = /bin/sh;
			shellScript = "diff \"${PODS_PODFILE_DIR_PATH}/Podfile.lock\" \"${PODS_ROOT}/Manifest.lock\" > /dev/null\nif [ $? != 0 ] ; then\n    # print error to STDERR\n    echo \"error: The sandbox is not in sync with the Podfile.lock. Run 'pod install' or update your CocoaPods installation.\" >&2\n    exit 1\nfi\n# This output is used by Xcode 'outputs' to avoid re-running this script phase.\necho \"SUCCESS\" > \"${SCRIPT_OUTPUT_FILE_0}\"\n";
			showEnvVarsInLog = 0;
		};
		C1CC5B6A25BBCE79000D31B7 /* Swift Lint */ = {
			isa = PBXShellScriptBuildPhase;
			buildActionMask = 2147483647;
			files = (
			);
			inputFileListPaths = (
			);
			inputPaths = (
			);
			name = "Swift Lint";
			outputFileListPaths = (
			);
			outputPaths = (
			);
			runOnlyForDeploymentPostprocessing = 0;
			shellPath = /bin/sh;
			shellScript = "${PODS_ROOT}/SwiftLint/swiftlint\n";
		};
		C1CC5B7725BBCF6C000D31B7 /* Swift Format */ = {
			isa = PBXShellScriptBuildPhase;
			buildActionMask = 2147483647;
			files = (
			);
			inputFileListPaths = (
			);
			inputPaths = (
			);
			name = "Swift Format";
			outputFileListPaths = (
			);
			outputPaths = (
			);
			runOnlyForDeploymentPostprocessing = 0;
			shellPath = /bin/sh;
			shellScript = "\"${PODS_ROOT}/SwiftFormat/CommandLineTool/swiftformat\" \"$SRCROOT\"\n";
		};
		C1CC5C0325BBD9EC000D31B7 /* R.Swift */ = {
			isa = PBXShellScriptBuildPhase;
			buildActionMask = 2147483647;
			files = (
			);
			inputFileListPaths = (
			);
			inputPaths = (
				"$TEMP_DIR/rswift-lastrun",
			);
			name = R.Swift;
			outputFileListPaths = (
			);
			outputPaths = (
				$SRCROOT/R.generated.swift,
			);
			runOnlyForDeploymentPostprocessing = 0;
			shellPath = /bin/sh;
			shellScript = "\"$PODS_ROOT/R.swift/rswift\" generate \"$SRCROOT/R.generated.swift\"\n";
		};
		C7329ABEC7B919457444B30B /* [CP] Embed Pods Frameworks */ = {
			isa = PBXShellScriptBuildPhase;
			buildActionMask = 2147483647;
			files = (
			);
			inputFileListPaths = (
				"${PODS_ROOT}/Target Support Files/Pods-IichDemo/Pods-IichDemo-frameworks-${CONFIGURATION}-input-files.xcfilelist",
			);
			name = "[CP] Embed Pods Frameworks";
			outputFileListPaths = (
				"${PODS_ROOT}/Target Support Files/Pods-IichDemo/Pods-IichDemo-frameworks-${CONFIGURATION}-output-files.xcfilelist",
			);
			runOnlyForDeploymentPostprocessing = 0;
			shellPath = /bin/sh;
			shellScript = "\"${PODS_ROOT}/Target Support Files/Pods-IichDemo/Pods-IichDemo-frameworks.sh\"\n";
			showEnvVarsInLog = 0;
		};
/* End PBXShellScriptBuildPhase section */

/* Begin PBXSourcesBuildPhase section */
		C1CC5B0C25BBC834000D31B7 /* Sources */ = {
			isa = PBXSourcesBuildPhase;
			buildActionMask = 2147483647;
			files = (
				C11E1D6A25D16B4E0001E8BA /* GalleryViewModel.swift in Sources */,
				C10A5B7025C8084200427D78 /* ThreadScreenViewController.swift in Sources */,
				C1FFCEBD25D416A000EE80C7 /* BetterSappingLayout.swift in Sources */,
				C14D4EA525BD68A400AD8DE2 /* NetworkService.swift in Sources */,
				C10A5B6425C7F59B00427D78 /* String+Extension.swift in Sources */,
				C10A5B7525C810A400427D78 /* ThreadScreenViewModel.swift in Sources */,
				C1CC5C8725BC3F1B000D31B7 /* Desks.xcdatamodeld in Sources */,
				C11E1D6525D168820001E8BA /* ImageCell.swift in Sources */,
				C1C0BB6025C2C50000E208FB /* ThreadCellModel.swift in Sources */,
				C1CC5B1425BBC834000D31B7 /* AppDelegate.swift in Sources */,
				C14D4ED725BE9F2000AD8DE2 /* ThreadListScreenViewController.swift in Sources */,
				C1758C8A25C14AD7005FDE6F /* BoardListModel.swift in Sources */,
				C14D4EAA25BD70EB00AD8DE2 /* Boards.swift in Sources */,
				C1CC5C6125BC0689000D31B7 /* HomeScreenViewModel.swift in Sources */,
				C10A5B8225C8277900427D78 /* MessageCell.swift in Sources */,
				C14D4EB625BDA39100AD8DE2 /* BoardInfo.swift in Sources */,
				C10A5B4625C56AB200427D78 /* CustomSearchController.swift in Sources */,
				C1CC5B1625BBC834000D31B7 /* SceneDelegate.swift in Sources */,
				C197832C25D148DC006A8CC3 /* GalleryViewController.swift in Sources */,
				C10A5B8825CD499400427D78 /* Date+Extension.swift in Sources */,
				C1AD538925BD47FF005E0513 /* HomeScreenCell.swift in Sources */,
				C10A5B3725C54D3C00427D78 /* ThreadFooterView.swift in Sources */,
				C1CC5C1025BBDB18000D31B7 /* R.generated.swift in Sources */,
				C1CC5C4125BBF932000D31B7 /* Constants.swift in Sources */,
				C1CC5C6625BC078E000D31B7 /* AlertAssist.swift in Sources */,
				C1564EB025BEC4DA00EAB937 /* ThreadCell.swift in Sources */,
				C14D4EE125BEB29400AD8DE2 /* ThreadListScreenViewModel.swift in Sources */,
				C10A5B7A25C81DB700427D78 /* ThreadMessagesModel.swift in Sources */,
				C10A5B4125C5662800427D78 /* SearchBar.swift in Sources */,
				C1CC5C4F25BBFBC2000D31B7 /* HomeScreenViewController.swift in Sources */,
			);
			runOnlyForDeploymentPostprocessing = 0;
		};
		C1CC5B2225BBC835000D31B7 /* Sources */ = {
			isa = PBXSourcesBuildPhase;
			buildActionMask = 2147483647;
			files = (
				C1CC5B2B25BBC835000D31B7 /* IichDemoTests.swift in Sources */,
			);
			runOnlyForDeploymentPostprocessing = 0;
		};
		C1CC5B2D25BBC835000D31B7 /* Sources */ = {
			isa = PBXSourcesBuildPhase;
			buildActionMask = 2147483647;
			files = (
			);
			runOnlyForDeploymentPostprocessing = 0;
		};
/* End PBXSourcesBuildPhase section */

/* Begin PBXTargetDependency section */
		C1CC5B2825BBC835000D31B7 /* PBXTargetDependency */ = {
			isa = PBXTargetDependency;
			target = C1CC5B0F25BBC834000D31B7 /* IichDemo */;
			targetProxy = C1CC5B2725BBC835000D31B7 /* PBXContainerItemProxy */;
		};
		C1CC5B3325BBC835000D31B7 /* PBXTargetDependency */ = {
			isa = PBXTargetDependency;
			target = C1CC5B0F25BBC834000D31B7 /* IichDemo */;
			targetProxy = C1CC5B3225BBC835000D31B7 /* PBXContainerItemProxy */;
		};
/* End PBXTargetDependency section */

/* Begin PBXVariantGroup section */
		C1CC5B1E25BBC834000D31B7 /* LaunchScreen.storyboard */ = {
			isa = PBXVariantGroup;
			children = (
				C1CC5B1F25BBC834000D31B7 /* Base */,
			);
			name = LaunchScreen.storyboard;
			sourceTree = "<group>";
		};
/* End PBXVariantGroup section */

/* Begin XCBuildConfiguration section */
		C1CC5B3825BBC835000D31B7 /* Debug */ = {
			isa = XCBuildConfiguration;
			buildSettings = {
				ALWAYS_SEARCH_USER_PATHS = NO;
				CLANG_ANALYZER_NONNULL = YES;
				CLANG_ANALYZER_NUMBER_OBJECT_CONVERSION = YES_AGGRESSIVE;
				CLANG_CXX_LANGUAGE_STANDARD = "gnu++14";
				CLANG_CXX_LIBRARY = "libc++";
				CLANG_ENABLE_MODULES = YES;
				CLANG_ENABLE_OBJC_ARC = YES;
				CLANG_ENABLE_OBJC_WEAK = YES;
				CLANG_WARN_BLOCK_CAPTURE_AUTORELEASING = YES;
				CLANG_WARN_BOOL_CONVERSION = YES;
				CLANG_WARN_COMMA = YES;
				CLANG_WARN_CONSTANT_CONVERSION = YES;
				CLANG_WARN_DEPRECATED_OBJC_IMPLEMENTATIONS = YES;
				CLANG_WARN_DIRECT_OBJC_ISA_USAGE = YES_ERROR;
				CLANG_WARN_DOCUMENTATION_COMMENTS = YES;
				CLANG_WARN_EMPTY_BODY = YES;
				CLANG_WARN_ENUM_CONVERSION = YES;
				CLANG_WARN_INFINITE_RECURSION = YES;
				CLANG_WARN_INT_CONVERSION = YES;
				CLANG_WARN_NON_LITERAL_NULL_CONVERSION = YES;
				CLANG_WARN_OBJC_IMPLICIT_RETAIN_SELF = YES;
				CLANG_WARN_OBJC_LITERAL_CONVERSION = YES;
				CLANG_WARN_OBJC_ROOT_CLASS = YES_ERROR;
				CLANG_WARN_QUOTED_INCLUDE_IN_FRAMEWORK_HEADER = YES;
				CLANG_WARN_RANGE_LOOP_ANALYSIS = YES;
				CLANG_WARN_STRICT_PROTOTYPES = YES;
				CLANG_WARN_SUSPICIOUS_MOVE = YES;
				CLANG_WARN_UNGUARDED_AVAILABILITY = YES_AGGRESSIVE;
				CLANG_WARN_UNREACHABLE_CODE = YES;
				CLANG_WARN__DUPLICATE_METHOD_MATCH = YES;
				COPY_PHASE_STRIP = NO;
				DEBUG_INFORMATION_FORMAT = dwarf;
				ENABLE_STRICT_OBJC_MSGSEND = YES;
				ENABLE_TESTABILITY = YES;
				GCC_C_LANGUAGE_STANDARD = gnu11;
				GCC_DYNAMIC_NO_PIC = NO;
				GCC_NO_COMMON_BLOCKS = YES;
				GCC_OPTIMIZATION_LEVEL = 0;
				GCC_PREPROCESSOR_DEFINITIONS = (
					"DEBUG=1",
					"$(inherited)",
				);
				GCC_WARN_64_TO_32_BIT_CONVERSION = YES;
				GCC_WARN_ABOUT_RETURN_TYPE = YES_ERROR;
				GCC_WARN_UNDECLARED_SELECTOR = YES;
				GCC_WARN_UNINITIALIZED_AUTOS = YES_AGGRESSIVE;
				GCC_WARN_UNUSED_FUNCTION = YES;
				GCC_WARN_UNUSED_VARIABLE = YES;
				IPHONEOS_DEPLOYMENT_TARGET = 14.0;
				MTL_ENABLE_DEBUG_INFO = INCLUDE_SOURCE;
				MTL_FAST_MATH = YES;
				ONLY_ACTIVE_ARCH = YES;
				SDKROOT = iphoneos;
				SWIFT_ACTIVE_COMPILATION_CONDITIONS = DEBUG;
				SWIFT_OPTIMIZATION_LEVEL = "-Onone";
				SWIFT_VERSION = 5.0;
			};
			name = Debug;
		};
		C1CC5B3925BBC835000D31B7 /* Release */ = {
			isa = XCBuildConfiguration;
			buildSettings = {
				ALWAYS_SEARCH_USER_PATHS = NO;
				CLANG_ANALYZER_NONNULL = YES;
				CLANG_ANALYZER_NUMBER_OBJECT_CONVERSION = YES_AGGRESSIVE;
				CLANG_CXX_LANGUAGE_STANDARD = "gnu++14";
				CLANG_CXX_LIBRARY = "libc++";
				CLANG_ENABLE_MODULES = YES;
				CLANG_ENABLE_OBJC_ARC = YES;
				CLANG_ENABLE_OBJC_WEAK = YES;
				CLANG_WARN_BLOCK_CAPTURE_AUTORELEASING = YES;
				CLANG_WARN_BOOL_CONVERSION = YES;
				CLANG_WARN_COMMA = YES;
				CLANG_WARN_CONSTANT_CONVERSION = YES;
				CLANG_WARN_DEPRECATED_OBJC_IMPLEMENTATIONS = YES;
				CLANG_WARN_DIRECT_OBJC_ISA_USAGE = YES_ERROR;
				CLANG_WARN_DOCUMENTATION_COMMENTS = YES;
				CLANG_WARN_EMPTY_BODY = YES;
				CLANG_WARN_ENUM_CONVERSION = YES;
				CLANG_WARN_INFINITE_RECURSION = YES;
				CLANG_WARN_INT_CONVERSION = YES;
				CLANG_WARN_NON_LITERAL_NULL_CONVERSION = YES;
				CLANG_WARN_OBJC_IMPLICIT_RETAIN_SELF = YES;
				CLANG_WARN_OBJC_LITERAL_CONVERSION = YES;
				CLANG_WARN_OBJC_ROOT_CLASS = YES_ERROR;
				CLANG_WARN_QUOTED_INCLUDE_IN_FRAMEWORK_HEADER = YES;
				CLANG_WARN_RANGE_LOOP_ANALYSIS = YES;
				CLANG_WARN_STRICT_PROTOTYPES = YES;
				CLANG_WARN_SUSPICIOUS_MOVE = YES;
				CLANG_WARN_UNGUARDED_AVAILABILITY = YES_AGGRESSIVE;
				CLANG_WARN_UNREACHABLE_CODE = YES;
				CLANG_WARN__DUPLICATE_METHOD_MATCH = YES;
				COPY_PHASE_STRIP = NO;
				DEBUG_INFORMATION_FORMAT = "dwarf-with-dsym";
				ENABLE_NS_ASSERTIONS = NO;
				ENABLE_STRICT_OBJC_MSGSEND = YES;
				GCC_C_LANGUAGE_STANDARD = gnu11;
				GCC_NO_COMMON_BLOCKS = YES;
				GCC_WARN_64_TO_32_BIT_CONVERSION = YES;
				GCC_WARN_ABOUT_RETURN_TYPE = YES_ERROR;
				GCC_WARN_UNDECLARED_SELECTOR = YES;
				GCC_WARN_UNINITIALIZED_AUTOS = YES_AGGRESSIVE;
				GCC_WARN_UNUSED_FUNCTION = YES;
				GCC_WARN_UNUSED_VARIABLE = YES;
				IPHONEOS_DEPLOYMENT_TARGET = 14.0;
				MTL_ENABLE_DEBUG_INFO = NO;
				MTL_FAST_MATH = YES;
				SDKROOT = iphoneos;
				SWIFT_COMPILATION_MODE = wholemodule;
				SWIFT_OPTIMIZATION_LEVEL = "-O";
				SWIFT_VERSION = 5.0;
				VALIDATE_PRODUCT = YES;
			};
			name = Release;
		};
		C1CC5B3B25BBC835000D31B7 /* Debug */ = {
			isa = XCBuildConfiguration;
			baseConfigurationReference = 3EB7D47B218FA44C66EAD19A /* Pods-IichDemo.debug.xcconfig */;
			buildSettings = {
				ASSETCATALOG_COMPILER_APPICON_NAME = AppIcon;
				ASSETCATALOG_COMPILER_GLOBAL_ACCENT_COLOR_NAME = AccentColor;
				CODE_SIGN_STYLE = Automatic;
				DEVELOPMENT_TEAM = 658L6ZPG56;
				INFOPLIST_FILE = IichDemo/Commons/Info.plist;
				LD_RUNPATH_SEARCH_PATHS = (
					"$(inherited)",
					"@executable_path/Frameworks",
				);
				PRODUCT_BUNDLE_IDENTIFIER = vasilymatveev.IichDemo;
				PRODUCT_NAME = "$(TARGET_NAME)";
				SWIFT_VERSION = 5.0;
				TARGETED_DEVICE_FAMILY = 1;
			};
			name = Debug;
		};
		C1CC5B3C25BBC835000D31B7 /* Release */ = {
			isa = XCBuildConfiguration;
			baseConfigurationReference = 8BAAFDBA0D54416CF78F114F /* Pods-IichDemo.release.xcconfig */;
			buildSettings = {
				ASSETCATALOG_COMPILER_APPICON_NAME = AppIcon;
				ASSETCATALOG_COMPILER_GLOBAL_ACCENT_COLOR_NAME = AccentColor;
				CODE_SIGN_STYLE = Automatic;
				DEVELOPMENT_TEAM = 658L6ZPG56;
				INFOPLIST_FILE = IichDemo/Commons/Info.plist;
				LD_RUNPATH_SEARCH_PATHS = (
					"$(inherited)",
					"@executable_path/Frameworks",
				);
				PRODUCT_BUNDLE_IDENTIFIER = vasilymatveev.IichDemo;
				PRODUCT_NAME = "$(TARGET_NAME)";
				SWIFT_VERSION = 5.0;
				TARGETED_DEVICE_FAMILY = 1;
			};
			name = Release;
		};
		C1CC5B3E25BBC835000D31B7 /* Debug */ = {
			isa = XCBuildConfiguration;
			baseConfigurationReference = 070B214A2D645EDDB7689B79 /* Pods-IichDemoTests.debug.xcconfig */;
			buildSettings = {
				ALWAYS_EMBED_SWIFT_STANDARD_LIBRARIES = YES;
				BUNDLE_LOADER = "$(TEST_HOST)";
				CODE_SIGN_STYLE = Automatic;
				DEVELOPMENT_TEAM = 658L6ZPG56;
				INFOPLIST_FILE = IichDemoTests/Info.plist;
				IPHONEOS_DEPLOYMENT_TARGET = 14.1;
				LD_RUNPATH_SEARCH_PATHS = (
					"$(inherited)",
					"@executable_path/Frameworks",
					"@loader_path/Frameworks",
				);
				PRODUCT_BUNDLE_IDENTIFIER = vasilymatveev.IichDemoTests;
				PRODUCT_NAME = "$(TARGET_NAME)";
				SWIFT_VERSION = 5.0;
				TARGETED_DEVICE_FAMILY = "1,2";
				TEST_HOST = "$(BUILT_PRODUCTS_DIR)/IichDemo.app/IichDemo";
			};
			name = Debug;
		};
		C1CC5B3F25BBC835000D31B7 /* Release */ = {
			isa = XCBuildConfiguration;
			baseConfigurationReference = F1523F57C046DF40740D4E05 /* Pods-IichDemoTests.release.xcconfig */;
			buildSettings = {
				ALWAYS_EMBED_SWIFT_STANDARD_LIBRARIES = YES;
				BUNDLE_LOADER = "$(TEST_HOST)";
				CODE_SIGN_STYLE = Automatic;
				DEVELOPMENT_TEAM = 658L6ZPG56;
				INFOPLIST_FILE = IichDemoTests/Info.plist;
				IPHONEOS_DEPLOYMENT_TARGET = 14.1;
				LD_RUNPATH_SEARCH_PATHS = (
					"$(inherited)",
					"@executable_path/Frameworks",
					"@loader_path/Frameworks",
				);
				PRODUCT_BUNDLE_IDENTIFIER = vasilymatveev.IichDemoTests;
				PRODUCT_NAME = "$(TARGET_NAME)";
				SWIFT_VERSION = 5.0;
				TARGETED_DEVICE_FAMILY = "1,2";
				TEST_HOST = "$(BUILT_PRODUCTS_DIR)/IichDemo.app/IichDemo";
			};
			name = Release;
		};
		C1CC5B4125BBC835000D31B7 /* Debug */ = {
			isa = XCBuildConfiguration;
			baseConfigurationReference = B2D97FDA3EDD583FFD8E00C2 /* Pods-IichDemo-IichDemoUITests.debug.xcconfig */;
			buildSettings = {
				ALWAYS_EMBED_SWIFT_STANDARD_LIBRARIES = YES;
				CODE_SIGN_STYLE = Automatic;
				DEVELOPMENT_TEAM = 658L6ZPG56;
				INFOPLIST_FILE = IichDemoUITests/Info.plist;
				LD_RUNPATH_SEARCH_PATHS = (
					"$(inherited)",
					"@executable_path/Frameworks",
					"@loader_path/Frameworks",
				);
				PRODUCT_BUNDLE_IDENTIFIER = vasilymatveev.IichDemoUITests;
				PRODUCT_NAME = "$(TARGET_NAME)";
				SWIFT_VERSION = 5.0;
				TARGETED_DEVICE_FAMILY = "1,2";
				TEST_TARGET_NAME = IichDemo;
			};
			name = Debug;
		};
		C1CC5B4225BBC835000D31B7 /* Release */ = {
			isa = XCBuildConfiguration;
			baseConfigurationReference = 5941CBEC18305AFEF2F37D57 /* Pods-IichDemo-IichDemoUITests.release.xcconfig */;
			buildSettings = {
				ALWAYS_EMBED_SWIFT_STANDARD_LIBRARIES = YES;
				CODE_SIGN_STYLE = Automatic;
				DEVELOPMENT_TEAM = 658L6ZPG56;
				INFOPLIST_FILE = IichDemoUITests/Info.plist;
				LD_RUNPATH_SEARCH_PATHS = (
					"$(inherited)",
					"@executable_path/Frameworks",
					"@loader_path/Frameworks",
				);
				PRODUCT_BUNDLE_IDENTIFIER = vasilymatveev.IichDemoUITests;
				PRODUCT_NAME = "$(TARGET_NAME)";
				SWIFT_VERSION = 5.0;
				TARGETED_DEVICE_FAMILY = "1,2";
				TEST_TARGET_NAME = IichDemo;
			};
			name = Release;
		};
/* End XCBuildConfiguration section */

/* Begin XCConfigurationList section */
		C1CC5B0B25BBC834000D31B7 /* Build configuration list for PBXProject "IichDemo" */ = {
			isa = XCConfigurationList;
			buildConfigurations = (
				C1CC5B3825BBC835000D31B7 /* Debug */,
				C1CC5B3925BBC835000D31B7 /* Release */,
			);
			defaultConfigurationIsVisible = 0;
			defaultConfigurationName = Release;
		};
		C1CC5B3A25BBC835000D31B7 /* Build configuration list for PBXNativeTarget "IichDemo" */ = {
			isa = XCConfigurationList;
			buildConfigurations = (
				C1CC5B3B25BBC835000D31B7 /* Debug */,
				C1CC5B3C25BBC835000D31B7 /* Release */,
			);
			defaultConfigurationIsVisible = 0;
			defaultConfigurationName = Release;
		};
		C1CC5B3D25BBC835000D31B7 /* Build configuration list for PBXNativeTarget "IichDemoTests" */ = {
			isa = XCConfigurationList;
			buildConfigurations = (
				C1CC5B3E25BBC835000D31B7 /* Debug */,
				C1CC5B3F25BBC835000D31B7 /* Release */,
			);
			defaultConfigurationIsVisible = 0;
			defaultConfigurationName = Release;
		};
		C1CC5B4025BBC835000D31B7 /* Build configuration list for PBXNativeTarget "IichDemoUITests" */ = {
			isa = XCConfigurationList;
			buildConfigurations = (
				C1CC5B4125BBC835000D31B7 /* Debug */,
				C1CC5B4225BBC835000D31B7 /* Release */,
			);
			defaultConfigurationIsVisible = 0;
			defaultConfigurationName = Release;
		};
/* End XCConfigurationList section */

/* Begin XCVersionGroup section */
		C1CC5C8525BC3F1B000D31B7 /* Desks.xcdatamodeld */ = {
			isa = XCVersionGroup;
			children = (
				C1CC5C8625BC3F1B000D31B7 /* Desks.xcdatamodel */,
			);
			currentVersion = C1CC5C8625BC3F1B000D31B7 /* Desks.xcdatamodel */;
			path = Desks.xcdatamodeld;
			sourceTree = "<group>";
			versionGroupType = wrapper.xcdatamodel;
		};
/* End XCVersionGroup section */
	};
	rootObject = C1CC5B0825BBC834000D31B7 /* Project object */;
}
